
Microsoft Visual Studio Solution File, Format Version 12.00
# Visual Studio Version 16
VisualStudioVersion = 16.0.31313.79
MinimumVisualStudioVersion = 10.0.40219.1
Project("{9A19103F-16F7-4668-BE54-9A1E7A4F7556}") = "TokenValidator", "TokenValidator.csproj", "{BAC29C4F-9E54-4513-8AEC-2DC643BD1972}"
EndProject
Project("{9A19103F-16F7-4668-BE54-9A1E7A4F7556}") = "CardSave", "..\CardSave\CardSave.csproj", "{9569E25E-51CF-4706-82E7-BA79F00A9481}"
EndProject
Project("{FAE04EC0-301F-11D3-BF4B-00C04F79EFBC}") = "ApiTest", "..\ApiTest\ApiTest.csproj", "{5152DCE3-B0CA-4CBC-9C15-39757F7FC2EE}"
EndProject
Global
	GlobalSection(SolutionConfigurationPlatforms) = preSolution
		Debug|Any CPU = Debug|Any CPU
		Release|Any CPU = Release|Any CPU
	EndGlobalSection
	GlobalSection(ProjectConfigurationPlatforms) = postSolution
		{BAC29C4F-9E54-4513-8AEC-2DC643BD1972}.Debug|Any CPU.ActiveCfg = Debug|Any CPU
		{BAC29C4F-9E54-4513-8AEC-2DC643BD1972}.Debug|Any CPU.Build.0 = Debug|Any CPU
		{BAC29C4F-9E54-4513-8AEC-2DC643BD1972}.Release|Any CPU.ActiveCfg = Release|Any CPU
		{BAC29C4F-9E54-4513-8AEC-2DC643BD1972}.Release|Any CPU.Build.0 = Release|Any CPU
		{9569E25E-51CF-4706-82E7-BA79F00A9481}.Debug|Any CPU.ActiveCfg = Debug|Any CPU
		{9569E25E-51CF-4706-82E7-BA79F00A9481}.Debug|Any CPU.Build.0 = Debug|Any CPU
		{9569E25E-51CF-4706-82E7-BA79F00A9481}.Release|Any CPU.ActiveCfg = Release|Any CPU
		{9569E25E-51CF-4706-82E7-BA79F00A9481}.Release|Any CPU.Build.0 = Release|Any CPU
		{5152DCE3-B0CA-4CBC-9C15-39757F7FC2EE}.Debug|Any CPU.ActiveCfg = Debug|Any CPU
		{5152DCE3-B0CA-4CBC-9C15-39757F7FC2EE}.Debug|Any CPU.Build.0 = Debug|Any CPU
		{5152DCE3-B0CA-4CBC-9C15-39757F7FC2EE}.Release|Any CPU.ActiveCfg = Release|Any CPU
		{5152DCE3-B0CA-4CBC-9C15-39757F7FC2EE}.Release|Any CPU.Build.0 = Release|Any CPU
	EndGlobalSection
	GlobalSection(SolutionProperties) = preSolution
		HideSolutionNode = FALSE
	EndGlobalSection
	GlobalSection(ExtensibilityGlobals) = postSolution
		SolutionGuid = {7389A9B9-8019-4C5C-8882-E78389F53151}
	EndGlobalSection
EndGlobal
